
Microsoft Visual Studio Solution File, Format Version 12.00
Project("{FAE04EC0-301F-11D3-BF4B-00C04F79EFBC}") = "AppInfo", "src\AppInfo\AppInfo.csproj", "{6FA13DCE-495D-4A9B-B296-32DCD3E9E1DB}"
EndProject
Project("{FAE04EC0-301F-11D3-BF4B-00C04F79EFBC}") = "Basic", "examples\Basic\Basic.csproj", "{6C4A0F2D-9EE2-4DF1-9EB8-BB54EDCF99F4}"
EndProject
Project("{FAE04EC0-301F-11D3-BF4B-00C04F79EFBC}") = "AppInfo.Tests", "tests\AppInfo.Tests\AppInfo.Tests.csproj", "{B53A203F-4ADC-4B0D-AD3A-D088F2D3BCFA}"
EndProject
Project("{2150E333-8FDC-42A3-9474-1A3956D46DE8}") = "Examples", "Examples", "{CD9DE4FA-BA75-4A06-B056-9AC5892AE582}"
EndProject
Project("{FAE04EC0-301F-11D3-BF4B-00C04F79EFBC}") = "Custom", "examples\Custom\Custom.csproj", "{419BC1AC-1DEF-4DAE-A4D8-2E8F28CE2351}"
EndProject
Global
	GlobalSection(SolutionConfigurationPlatforms) = preSolution
		Debug|Any CPU = Debug|Any CPU
		Release|Any CPU = Release|Any CPU
	EndGlobalSection
	GlobalSection(ProjectConfigurationPlatforms) = postSolution
		{6FA13DCE-495D-4A9B-B296-32DCD3E9E1DB}.Debug|Any CPU.ActiveCfg = Debug|Any CPU
		{6FA13DCE-495D-4A9B-B296-32DCD3E9E1DB}.Debug|Any CPU.Build.0 = Debug|Any CPU
		{6FA13DCE-495D-4A9B-B296-32DCD3E9E1DB}.Release|Any CPU.ActiveCfg = Release|Any CPU
		{6FA13DCE-495D-4A9B-B296-32DCD3E9E1DB}.Release|Any CPU.Build.0 = Release|Any CPU
		{6C4A0F2D-9EE2-4DF1-9EB8-BB54EDCF99F4}.Debug|Any CPU.ActiveCfg = Debug|Any CPU
		{6C4A0F2D-9EE2-4DF1-9EB8-BB54EDCF99F4}.Debug|Any CPU.Build.0 = Debug|Any CPU
		{6C4A0F2D-9EE2-4DF1-9EB8-BB54EDCF99F4}.Release|Any CPU.ActiveCfg = Release|Any CPU
		{6C4A0F2D-9EE2-4DF1-9EB8-BB54EDCF99F4}.Release|Any CPU.Build.0 = Release|Any CPU
		{B53A203F-4ADC-4B0D-AD3A-D088F2D3BCFA}.Debug|Any CPU.ActiveCfg = Debug|Any CPU
		{B53A203F-4ADC-4B0D-AD3A-D088F2D3BCFA}.Debug|Any CPU.Build.0 = Debug|Any CPU
		{B53A203F-4ADC-4B0D-AD3A-D088F2D3BCFA}.Release|Any CPU.ActiveCfg = Release|Any CPU
		{B53A203F-4ADC-4B0D-AD3A-D088F2D3BCFA}.Release|Any CPU.Build.0 = Release|Any CPU
		{419BC1AC-1DEF-4DAE-A4D8-2E8F28CE2351}.Debug|Any CPU.ActiveCfg = Debug|Any CPU
		{419BC1AC-1DEF-4DAE-A4D8-2E8F28CE2351}.Debug|Any CPU.Build.0 = Debug|Any CPU
		{419BC1AC-1DEF-4DAE-A4D8-2E8F28CE2351}.Release|Any CPU.ActiveCfg = Release|Any CPU
		{419BC1AC-1DEF-4DAE-A4D8-2E8F28CE2351}.Release|Any CPU.Build.0 = Release|Any CPU
	EndGlobalSection
	GlobalSection(NestedProjects) = preSolution
		{6C4A0F2D-9EE2-4DF1-9EB8-BB54EDCF99F4} = {CD9DE4FA-BA75-4A06-B056-9AC5892AE582}
		{419BC1AC-1DEF-4DAE-A4D8-2E8F28CE2351} = {CD9DE4FA-BA75-4A06-B056-9AC5892AE582}
	EndGlobalSection
EndGlobal
